
Microsoft Visual Studio Solution File, Format Version 12.00
# Visual Studio Version 17
VisualStudioVersion = 17.11.35222.181
MinimumVisualStudioVersion = 10.0.40219.1
Project("{FAE04EC0-301F-11D3-BF4B-00C04F79EFBC}") = "Gerador de Senha", "Gerador de Senha\Gerador de Senha.csproj", "{D791C7AE-0BF0-48AD-9951-47ABF7408636}"
EndProject
Global
	GlobalSection(SolutionConfigurationPlatforms) = preSolution
		Debug|Any CPU = Debug|Any CPU
		Release|Any CPU = Release|Any CPU
	EndGlobalSection
	GlobalSection(ProjectConfigurationPlatforms) = postSolution
		{D791C7AE-0BF0-48AD-9951-47ABF7408636}.Debug|Any CPU.ActiveCfg = Debug|Any CPU
		{D791C7AE-0BF0-48AD-9951-47ABF7408636}.Debug|Any CPU.Build.0 = Debug|Any CPU
		{D791C7AE-0BF0-48AD-9951-47ABF7408636}.Release|Any CPU.ActiveCfg = Release|Any CPU
		{D791C7AE-0BF0-48AD-9951-47ABF7408636}.Release|Any CPU.Build.0 = Release|Any CPU
	EndGlobalSection
	GlobalSection(SolutionProperties) = preSolution
		HideSolutionNode = FALSE
	EndGlobalSection
	GlobalSection(ExtensibilityGlobals) = postSolution
		SolutionGuid = {D0F09461-FD05-42A8-AC18-06A73D30F773}
	EndGlobalSection
EndGlobal
